
Microsoft Visual Studio Solution File, Format Version 12.00
Project("{2150E333-8FDC-42A3-9474-1A3956D46DE8}") = "src", "src", "{E8228576-FC0E-4A9C-ABD1-3DDD0B3FBF86}"
EndProject
Project("{FAE04EC0-301F-11D3-BF4B-00C04F79EFBC}") = "graph.chat.server", "graph.chat.server\graph.chat.server.csproj", "{74ED1DC6-D073-45F0-81C6-FCB4029E98C0}"
EndProject
Global
	GlobalSection(SolutionConfigurationPlatforms) = preSolution
		Debug|Any CPU = Debug|Any CPU
		Release|Any CPU = Release|Any CPU
	EndGlobalSection
	GlobalSection(NestedProjects) = preSolution
		{74ED1DC6-D073-45F0-81C6-FCB4029E98C0} = {E8228576-FC0E-4A9C-ABD1-3DDD0B3FBF86}
	EndGlobalSection
	GlobalSection(ProjectConfigurationPlatforms) = postSolution
		{74ED1DC6-D073-45F0-81C6-FCB4029E98C0}.Debug|Any CPU.ActiveCfg = Debug|Any CPU
		{74ED1DC6-D073-45F0-81C6-FCB4029E98C0}.Debug|Any CPU.Build.0 = Debug|Any CPU
		{74ED1DC6-D073-45F0-81C6-FCB4029E98C0}.Release|Any CPU.ActiveCfg = Release|Any CPU
		{74ED1DC6-D073-45F0-81C6-FCB4029E98C0}.Release|Any CPU.Build.0 = Release|Any CPU
	EndGlobalSection
EndGlobal
